
Microsoft Visual Studio Solution File, Format Version 12.00
# Visual Studio 15
VisualStudioVersion = 15.0.28307.1062
MinimumVisualStudioVersion = 10.0.40219.1
Project("{FAE04EC0-301F-11D3-BF4B-00C04F79EFBC}") = "Calendars", "ConsoleApp2\Calendars.csproj", "{D11523A7-2A87-4282-A7A1-7670D6128571}"
EndProject
Global
	GlobalSection(SolutionConfigurationPlatforms) = preSolution
		Debug|Any CPU = Debug|Any CPU
		Release|Any CPU = Release|Any CPU
	EndGlobalSection
	GlobalSection(ProjectConfigurationPlatforms) = postSolution
		{D11523A7-2A87-4282-A7A1-7670D6128571}.Debug|Any CPU.ActiveCfg = Debug|Any CPU
		{D11523A7-2A87-4282-A7A1-7670D6128571}.Debug|Any CPU.Build.0 = Debug|Any CPU
		{D11523A7-2A87-4282-A7A1-7670D6128571}.Release|Any CPU.ActiveCfg = Release|Any CPU
		{D11523A7-2A87-4282-A7A1-7670D6128571}.Release|Any CPU.Build.0 = Release|Any CPU
	EndGlobalSection
	GlobalSection(SolutionProperties) = preSolution
		HideSolutionNode = FALSE
	EndGlobalSection
	GlobalSection(ExtensibilityGlobals) = postSolution
		SolutionGuid = {DA2776A0-442C-4E39-94AF-9F559C275DF8}
	EndGlobalSection
EndGlobal
